
Microsoft Visual Studio Solution File, Format Version 12.00
# Visual Studio 15
VisualStudioVersion = 15.0.28010.2016
MinimumVisualStudioVersion = 10.0.40219.1
Project("{FAE04EC0-301F-11D3-BF4B-00C04F79EFBC}") = "AirTrafficController", "AirTrafficController\AirTrafficController.csproj", "{7B1FC7F5-CBA9-4230-B716-64722928E90C}"
EndProject
Project("{FAE04EC0-301F-11D3-BF4B-00C04F79EFBC}") = "AirTrafficController.Test.Unit", "AirTrafficController.Test.Unit\AirTrafficController.Test.Unit.csproj", "{F60DECC4-571E-44EF-A146-FF0EAE4152FC}"
EndProject
Project("{FAE04EC0-301F-11D3-BF4B-00C04F79EFBC}") = "AirTrafficController.Test.Integration", "AirTrafficController.Test.integration\AirTrafficController.Test.Integration.csproj", "{E62671A4-EC43-4CC8-8707-59194D1F40D3}"
EndProject
Global
	GlobalSection(SolutionConfigurationPlatforms) = preSolution
		Debug|Any CPU = Debug|Any CPU
		Release|Any CPU = Release|Any CPU
	EndGlobalSection
	GlobalSection(ProjectConfigurationPlatforms) = postSolution
		{7B1FC7F5-CBA9-4230-B716-64722928E90C}.Debug|Any CPU.ActiveCfg = Debug|Any CPU
		{7B1FC7F5-CBA9-4230-B716-64722928E90C}.Debug|Any CPU.Build.0 = Debug|Any CPU
		{7B1FC7F5-CBA9-4230-B716-64722928E90C}.Release|Any CPU.ActiveCfg = Release|Any CPU
		{7B1FC7F5-CBA9-4230-B716-64722928E90C}.Release|Any CPU.Build.0 = Release|Any CPU
		{F60DECC4-571E-44EF-A146-FF0EAE4152FC}.Debug|Any CPU.ActiveCfg = Debug|Any CPU
		{F60DECC4-571E-44EF-A146-FF0EAE4152FC}.Debug|Any CPU.Build.0 = Debug|Any CPU
		{F60DECC4-571E-44EF-A146-FF0EAE4152FC}.Release|Any CPU.ActiveCfg = Release|Any CPU
		{F60DECC4-571E-44EF-A146-FF0EAE4152FC}.Release|Any CPU.Build.0 = Release|Any CPU
		{E62671A4-EC43-4CC8-8707-59194D1F40D3}.Debug|Any CPU.ActiveCfg = Debug|Any CPU
		{E62671A4-EC43-4CC8-8707-59194D1F40D3}.Debug|Any CPU.Build.0 = Debug|Any CPU
		{E62671A4-EC43-4CC8-8707-59194D1F40D3}.Release|Any CPU.ActiveCfg = Release|Any CPU
		{E62671A4-EC43-4CC8-8707-59194D1F40D3}.Release|Any CPU.Build.0 = Release|Any CPU
	EndGlobalSection
	GlobalSection(SolutionProperties) = preSolution
		HideSolutionNode = FALSE
	EndGlobalSection
	GlobalSection(ExtensibilityGlobals) = postSolution
		SolutionGuid = {8AFDBAD7-E804-462C-B95C-F577C9B6142E}
	EndGlobalSection
EndGlobal
